
Microsoft Visual Studio Solution File, Format Version 12.00
# Visual Studio Version 17
VisualStudioVersion = 17.4.33122.133
MinimumVisualStudioVersion = 10.0.40219.1
Project("{FAE04EC0-301F-11D3-BF4B-00C04F79EFBC}") = "NetInformatika", "NetInformatika\NetInformatika.csproj", "{BAC7FB75-19E1-4259-8991-6BC82A63854C}"
EndProject
Global
	GlobalSection(SolutionConfigurationPlatforms) = preSolution
		Debug|Any CPU = Debug|Any CPU
		Release|Any CPU = Release|Any CPU
	EndGlobalSection
	GlobalSection(ProjectConfigurationPlatforms) = postSolution
		{BAC7FB75-19E1-4259-8991-6BC82A63854C}.Debug|Any CPU.ActiveCfg = Debug|Any CPU
		{BAC7FB75-19E1-4259-8991-6BC82A63854C}.Debug|Any CPU.Build.0 = Debug|Any CPU
		{BAC7FB75-19E1-4259-8991-6BC82A63854C}.Release|Any CPU.ActiveCfg = Release|Any CPU
		{BAC7FB75-19E1-4259-8991-6BC82A63854C}.Release|Any CPU.Build.0 = Release|Any CPU
	EndGlobalSection
	GlobalSection(SolutionProperties) = preSolution
		HideSolutionNode = FALSE
	EndGlobalSection
	GlobalSection(ExtensibilityGlobals) = postSolution
		SolutionGuid = {3E953C4E-3C36-4DF9-9652-E488DC14545B}
	EndGlobalSection
EndGlobal
